
Microsoft Visual Studio Solution File, Format Version 12.00
# Visual Studio Version 17
VisualStudioVersion = 17.12.35707.178
MinimumVisualStudioVersion = 10.0.40219.1
Project("{FAE04EC0-301F-11D3-BF4B-00C04F79EFBC}") = "RobotGameSimulation", "RobotGameSimulation\RobotGameSimulation.csproj", "{8111ECA9-C180-46CB-9A44-B4CD1A217B0F}"
EndProject
Project("{FAE04EC0-301F-11D3-BF4B-00C04F79EFBC}") = "RobotGameSimulation.Tests", "RobotGameSimulation.Tests\RobotGameSimulation.Tests.csproj", "{E50BF734-5C01-4902-AEC9-8E031F4FDA3B}"
EndProject
Global
	GlobalSection(SolutionConfigurationPlatforms) = preSolution
		Debug|Any CPU = Debug|Any CPU
		Release|Any CPU = Release|Any CPU
	EndGlobalSection
	GlobalSection(ProjectConfigurationPlatforms) = postSolution
		{8111ECA9-C180-46CB-9A44-B4CD1A217B0F}.Debug|Any CPU.ActiveCfg = Debug|Any CPU
		{8111ECA9-C180-46CB-9A44-B4CD1A217B0F}.Debug|Any CPU.Build.0 = Debug|Any CPU
		{8111ECA9-C180-46CB-9A44-B4CD1A217B0F}.Release|Any CPU.ActiveCfg = Release|Any CPU
		{8111ECA9-C180-46CB-9A44-B4CD1A217B0F}.Release|Any CPU.Build.0 = Release|Any CPU
		{E50BF734-5C01-4902-AEC9-8E031F4FDA3B}.Debug|Any CPU.ActiveCfg = Debug|Any CPU
		{E50BF734-5C01-4902-AEC9-8E031F4FDA3B}.Debug|Any CPU.Build.0 = Debug|Any CPU
		{E50BF734-5C01-4902-AEC9-8E031F4FDA3B}.Release|Any CPU.ActiveCfg = Release|Any CPU
		{E50BF734-5C01-4902-AEC9-8E031F4FDA3B}.Release|Any CPU.Build.0 = Release|Any CPU
	EndGlobalSection
	GlobalSection(SolutionProperties) = preSolution
		HideSolutionNode = FALSE
	EndGlobalSection
EndGlobal
